
Microsoft Visual Studio Solution File, Format Version 12.00
# Visual Studio Version 17
VisualStudioVersion = 17.5.33627.172
MinimumVisualStudioVersion = 10.0.40219.1
Project("{F184B08F-C81C-45F6-A57F-5ABD9991F28F}") = "LibVLC audio test", "LibVLC audio test\LibVLC audio test.vbproj", "{1960EFDA-71E0-4BDC-90BC-735193E786E6}"
EndProject
Global
	GlobalSection(SolutionConfigurationPlatforms) = preSolution
		Debug|Any CPU = Debug|Any CPU
		Release|Any CPU = Release|Any CPU
	EndGlobalSection
	GlobalSection(ProjectConfigurationPlatforms) = postSolution
		{1960EFDA-71E0-4BDC-90BC-735193E786E6}.Debug|Any CPU.ActiveCfg = Debug|Any CPU
		{1960EFDA-71E0-4BDC-90BC-735193E786E6}.Debug|Any CPU.Build.0 = Debug|Any CPU
		{1960EFDA-71E0-4BDC-90BC-735193E786E6}.Release|Any CPU.ActiveCfg = Release|Any CPU
		{1960EFDA-71E0-4BDC-90BC-735193E786E6}.Release|Any CPU.Build.0 = Release|Any CPU
	EndGlobalSection
	GlobalSection(SolutionProperties) = preSolution
		HideSolutionNode = FALSE
	EndGlobalSection
	GlobalSection(ExtensibilityGlobals) = postSolution
		SolutionGuid = {0AF3AC96-F902-48DB-BD31-4055AF413019}
	EndGlobalSection
EndGlobal
